
Microsoft Visual Studio Solution File, Format Version 12.00
# Visual Studio Version 17
VisualStudioVersion = 17.7.34221.43
MinimumVisualStudioVersion = 10.0.40219.1
Project("{FAE04EC0-301F-11D3-BF4B-00C04F79EFBC}") = "Test_ECF", "Test_ECF\Test_ECF.csproj", "{AE40B36D-696A-4941-9C49-7EF8F756687F}"
EndProject
Global
	GlobalSection(SolutionConfigurationPlatforms) = preSolution
		Debug|Any CPU = Debug|Any CPU
		Release|Any CPU = Release|Any CPU
	EndGlobalSection
	GlobalSection(ProjectConfigurationPlatforms) = postSolution
		{AE40B36D-696A-4941-9C49-7EF8F756687F}.Debug|Any CPU.ActiveCfg = Debug|Any CPU
		{AE40B36D-696A-4941-9C49-7EF8F756687F}.Debug|Any CPU.Build.0 = Debug|Any CPU
		{AE40B36D-696A-4941-9C49-7EF8F756687F}.Release|Any CPU.ActiveCfg = Release|Any CPU
		{AE40B36D-696A-4941-9C49-7EF8F756687F}.Release|Any CPU.Build.0 = Release|Any CPU
	EndGlobalSection
	GlobalSection(SolutionProperties) = preSolution
		HideSolutionNode = FALSE
	EndGlobalSection
	GlobalSection(ExtensibilityGlobals) = postSolution
		SolutionGuid = {FD065C9A-E1F0-4BC2-8D37-539CE0FA57DA}
	EndGlobalSection
EndGlobal
